// !$*UTF8*$!
{
	archiveVersion = 1;
	classes = {
	};
	objectVersion = 50;
	objects = {

/* Begin PBXBuildFile section */
		59D512D2240571AC00336272 /* AppDelegate.swift in Sources */ = {isa = PBXBuildFile; fileRef = 59D512D1240571AC00336272 /* AppDelegate.swift */; };
		59D512D4240571AC00336272 /* SceneDelegate.swift in Sources */ = {isa = PBXBuildFile; fileRef = 59D512D3240571AC00336272 /* SceneDelegate.swift */; };
		59D512D6240571AC00336272 /* MainController.swift in Sources */ = {isa = PBXBuildFile; fileRef = 59D512D5240571AC00336272 /* MainController.swift */; };
		59D512D8240571B200336272 /* Assets.xcassets in Resources */ = {isa = PBXBuildFile; fileRef = 59D512D7240571B200336272 /* Assets.xcassets */; };
		59D512DB240571B200336272 /* Preview Assets.xcassets in Resources */ = {isa = PBXBuildFile; fileRef = 59D512DA240571B200336272 /* Preview Assets.xcassets */; };
		59D512DE240571B200336272 /* LaunchScreen.storyboard in Resources */ = {isa = PBXBuildFile; fileRef = 59D512DC240571B200336272 /* LaunchScreen.storyboard */; };
		59D512E72405E26A00336272 /* SizeClasses.SS.2.png in Resources */ = {isa = PBXBuildFile; fileRef = 59D512E52405E26900336272 /* SizeClasses.SS.2.png */; };
		59D512E82405E26A00336272 /* SizeClasses.SS.1.png in Resources */ = {isa = PBXBuildFile; fileRef = 59D512E62405E26900336272 /* SizeClasses.SS.1.png */; };
		59D512EB2405E28400336272 /* README.md in Resources */ = {isa = PBXBuildFile; fileRef = 59D512EA2405E28400336272 /* README.md */; };
/* End PBXBuildFile section */

/* Begin PBXFileReference section */
		59D512CE240571AC00336272 /* SizeClasses.Demo.app */ = {isa = PBXFileReference; explicitFileType = wrapper.application; includeInIndex = 0; path = SizeClasses.Demo.app; sourceTree = BUILT_PRODUCTS_DIR; };
		59D512D1240571AC00336272 /* AppDelegate.swift */ = {isa = PBXFileReference; lastKnownFileType = sourcecode.swift; path = AppDelegate.swift; sourceTree = "<group>"; };
		59D512D3240571AC00336272 /* SceneDelegate.swift */ = {isa = PBXFileReference; lastKnownFileType = sourcecode.swift; path = SceneDelegate.swift; sourceTree = "<group>"; };
		59D512D5240571AC00336272 /* MainController.swift */ = {isa = PBXFileReference; lastKnownFileType = sourcecode.swift; path = MainController.swift; sourceTree = "<group>"; };
		59D512D7240571B200336272 /* Assets.xcassets */ = {isa = PBXFileReference; lastKnownFileType = folder.assetcatalog; path = Assets.xcassets; sourceTree = "<group>"; };
		59D512DA240571B200336272 /* Preview Assets.xcassets */ = {isa = PBXFileReference; lastKnownFileType = folder.assetcatalog; path = "Preview Assets.xcassets"; sourceTree = "<group>"; };
		59D512DD240571B200336272 /* Base */ = {isa = PBXFileReference; lastKnownFileType = file.storyboard; name = Base; path = Base.lproj/LaunchScreen.storyboard; sourceTree = "<group>"; };
		59D512DF240571B200336272 /* Info.plist */ = {isa = PBXFileReference; lastKnownFileType = text.plist.xml; path = Info.plist; sourceTree = "<group>"; };
		59D512E52405E26900336272 /* SizeClasses.SS.2.png */ = {isa = PBXFileReference; lastKnownFileType = image.png; path = SizeClasses.SS.2.png; sourceTree = "<group>"; };
		59D512E62405E26900336272 /* SizeClasses.SS.1.png */ = {isa = PBXFileReference; lastKnownFileType = image.png; path = SizeClasses.SS.1.png; sourceTree = "<group>"; };
		59D512EA2405E28400336272 /* README.md */ = {isa = PBXFileReference; fileEncoding = 4; lastKnownFileType = net.daringfireball.markdown; path = README.md; sourceTree = "<group>"; };
/* End PBXFileReference section */

/* Begin PBXFrameworksBuildPhase section */
		59D512CB240571AC00336272 /* Frameworks */ = {
			isa = PBXFrameworksBuildPhase;
			buildActionMask = 2147483647;
			files = (
			);
			runOnlyForDeploymentPostprocessing = 0;
		};
/* End PBXFrameworksBuildPhase section */

/* Begin PBXGroup section */
		59D512C5240571AC00336272 = {
			isa = PBXGroup;
			children = (
				59D512EA2405E28400336272 /* README.md */,
				59D512E92405E26E00336272 /* Screenshots */,
				59D512D0240571AC00336272 /* SizeClasses.Demo */,
				59D512CF240571AC00336272 /* Products */,
			);
			sourceTree = "<group>";
		};
		59D512CF240571AC00336272 /* Products */ = {
			isa = PBXGroup;
			children = (
				59D512CE240571AC00336272 /* SizeClasses.Demo.app */,
			);
			name = Products;
			sourceTree = "<group>";
		};
		59D512D0240571AC00336272 /* SizeClasses.Demo */ = {
			isa = PBXGroup;
			children = (
				59D512D1240571AC00336272 /* AppDelegate.swift */,
				59D512D3240571AC00336272 /* SceneDelegate.swift */,
				59D512D5240571AC00336272 /* MainController.swift */,
				59D512D7240571B200336272 /* Assets.xcassets */,
				59D512DC240571B200336272 /* LaunchScreen.storyboard */,
				59D512DF240571B200336272 /* Info.plist */,
				59D512D9240571B200336272 /* Preview Content */,
			);
			path = SizeClasses.Demo;
			sourceTree = "<group>";
		};
		59D512D9240571B200336272 /* Preview Content */ = {
			isa = PBXGroup;
			children = (
				59D512DA240571B200336272 /* Preview Assets.xcassets */,
			);
			path = "Preview Content";
			sourceTree = "<group>";
		};
		59D512E92405E26E00336272 /* Screenshots */ = {
			isa = PBXGroup;
			children = (
				59D512E62405E26900336272 /* SizeClasses.SS.1.png */,
				59D512E52405E26900336272 /* SizeClasses.SS.2.png */,
			);
			path = Screenshots;
			sourceTree = "<group>";
		};
/* End PBXGroup section */

/* Begin PBXNativeTarget section */
		59D512CD240571AC00336272 /* SizeClasses.Demo */ = {
			isa = PBXNativeTarget;
			buildConfigurationList = 59D512E2240571B200336272 /* Build configuration list for PBXNativeTarget "SizeClasses.Demo" */;
			buildPhases = (
				59D512CA240571AC00336272 /* Sources */,
				59D512CB240571AC00336272 /* Frameworks */,
				59D512CC240571AC00336272 /* Resources */,
			);
			buildRules = (
			);
			dependencies = (
			);
			name = SizeClasses.Demo;
			productName = SizeClasses.Demo;
			productReference = 59D512CE240571AC00336272 /* SizeClasses.Demo.app */;
			productType = "com.apple.product-type.application";
		};
/* End PBXNativeTarget section */

/* Begin PBXProject section */
		59D512C6240571AC00336272 /* Project object */ = {
			isa = PBXProject;
			attributes = {
				LastSwiftUpdateCheck = 1130;
				LastUpgradeCheck = 1130;
				ORGANIZATIONNAME = ArturoArriaga.IO;
				TargetAttributes = {
					59D512CD240571AC00336272 = {
						CreatedOnToolsVersion = 11.3.1;
					};
				};
			};
			buildConfigurationList = 59D512C9240571AC00336272 /* Build configuration list for PBXProject "SizeClasses.Demo" */;
			compatibilityVersion = "Xcode 9.3";
			developmentRegion = en;
			hasScannedForEncodings = 0;
			knownRegions = (
				en,
				Base,
			);
			mainGroup = 59D512C5240571AC00336272;
			productRefGroup = 59D512CF240571AC00336272 /* Products */;
			projectDirPath = "";
			projectRoot = "";
			targets = (
				59D512CD240571AC00336272 /* SizeClasses.Demo */,
			);
		};
/* End PBXProject section */

/* Begin PBXResourcesBuildPhase section */
		59D512CC240571AC00336272 /* Resources */ = {
			isa = PBXResourcesBuildPhase;
			buildActionMask = 2147483647;
			files = (
				59D512EB2405E28400336272 /* README.md in Resources */,
				59D512E72405E26A00336272 /* SizeClasses.SS.2.png in Resources */,
				59D512DE240571B200336272 /* LaunchScreen.storyboard in Resources */,
				59D512E82405E26A00336272 /* SizeClasses.SS.1.png in Resources */,
				59D512DB240571B200336272 /* Preview Assets.xcassets in Resources */,
				59D512D8240571B200336272 /* Assets.xcassets in Resources */,
			);
			runOnlyForDeploymentPostprocessing = 0;
		};
/* End PBXResourcesBuildPhase section */

/* Begin PBXSourcesBuildPhase section */
		59D512CA240571AC00336272 /* Sources */ = {
			isa = PBXSourcesBuildPhase;
			buildActionMask = 2147483647;
			files = (
				59D512D2240571AC00336272 /* AppDelegate.swift in Sources */,
				59D512D4240571AC00336272 /* SceneDelegate.swift in Sources */,
				59D512D6240571AC00336272 /* MainController.swift in Sources */,
			);
			runOnlyForDeploymentPostprocessing = 0;
		};
/* End PBXSourcesBuildPhase section */

/* Begin PBXVariantGroup section */
		59D512DC240571B200336272 /* LaunchScreen.storyboard */ = {
			isa = PBXVariantGroup;
			children = (
				59D512DD240571B200336272 /* Base */,
			);
			name = LaunchScreen.storyboard;
			sourceTree = "<group>";
		};
/* End PBXVariantGroup section */

/* Begin XCBuildConfiguration section */
		59D512E0240571B200336272 /* Debug */ = {
			isa = XCBuildConfiguration;
			buildSettings = {
				ALWAYS_SEARCH_USER_PATHS = NO;
				CLANG_ANALYZER_NONNULL = YES;
				CLANG_ANALYZER_NUMBER_OBJECT_CONVERSION = YES_AGGRESSIVE;
				CLANG_CXX_LANGUAGE_STANDARD = "gnu++14";
				CLANG_CXX_LIBRARY = "libc++";
				CLANG_ENABLE_MODULES = YES;
				CLANG_ENABLE_OBJC_ARC = YES;
				CLANG_ENABLE_OBJC_WEAK = YES;
				CLANG_WARN_BLOCK_CAPTURE_AUTORELEASING = YES;
				CLANG_WARN_BOOL_CONVERSION = YES;
				CLANG_WARN_COMMA = YES;
				CLANG_WARN_CONSTANT_CONVERSION = YES;
				CLANG_WARN_DEPRECATED_OBJC_IMPLEMENTATIONS = YES;
				CLANG_WARN_DIRECT_OBJC_ISA_USAGE = YES_ERROR;
				CLANG_WARN_DOCUMENTATION_COMMENTS = YES;
				CLANG_WARN_EMPTY_BODY = YES;
				CLANG_WARN_ENUM_CONVERSION = YES;
				CLANG_WARN_INFINITE_RECURSION = YES;
				CLANG_WARN_INT_CONVERSION = YES;
				CLANG_WARN_NON_LITERAL_NULL_CONVERSION = YES;
				CLANG_WARN_OBJC_IMPLICIT_RETAIN_SELF = YES;
				CLANG_WARN_OBJC_LITERAL_CONVERSION = YES;
				CLANG_WARN_OBJC_ROOT_CLASS = YES_ERROR;
				CLANG_WARN_RANGE_LOOP_ANALYSIS = YES;
				CLANG_WARN_STRICT_PROTOTYPES = YES;
				CLANG_WARN_SUSPICIOUS_MOVE = YES;
				CLANG_WARN_UNGUARDED_AVAILABILITY = YES_AGGRESSIVE;
				CLANG_WARN_UNREACHABLE_CODE = YES;
				CLANG_WARN__DUPLICATE_METHOD_MATCH = YES;
				COPY_PHASE_STRIP = NO;
				DEBUG_INFORMATION_FORMAT = dwarf;
				ENABLE_STRICT_OBJC_MSGSEND = YES;
				ENABLE_TESTABILITY = YES;
				GCC_C_LANGUAGE_STANDARD = gnu11;
				GCC_DYNAMIC_NO_PIC = NO;
				GCC_NO_COMMON_BLOCKS = YES;
				GCC_OPTIMIZATION_LEVEL = 0;
				GCC_PREPROCESSOR_DEFINITIONS = (
					"DEBUG=1",
					"$(inherited)",
				);
				GCC_WARN_64_TO_32_BIT_CONVERSION = YES;
				GCC_WARN_ABOUT_RETURN_TYPE = YES_ERROR;
				GCC_WARN_UNDECLARED_SELECTOR = YES;
				GCC_WARN_UNINITIALIZED_AUTOS = YES_AGGRESSIVE;
				GCC_WARN_UNUSED_FUNCTION = YES;
				GCC_WARN_UNUSED_VARIABLE = YES;
				IPHONEOS_DEPLOYMENT_TARGET = 13.2;
				MTL_ENABLE_DEBUG_INFO = INCLUDE_SOURCE;
				MTL_FAST_MATH = YES;
				ONLY_ACTIVE_ARCH = YES;
				SDKROOT = iphoneos;
				SWIFT_ACTIVE_COMPILATION_CONDITIONS = DEBUG;
				SWIFT_OPTIMIZATION_LEVEL = "-Onone";
			};
			name = Debug;
		};
		59D512E1240571B200336272 /* Release */ = {
			isa = XCBuildConfiguration;
			buildSettings = {
				ALWAYS_SEARCH_USER_PATHS = NO;
				CLANG_ANALYZER_NONNULL = YES;
				CLANG_ANALYZER_NUMBER_OBJECT_CONVERSION = YES_AGGRESSIVE;
				CLANG_CXX_LANGUAGE_STANDARD = "gnu++14";
				CLANG_CXX_LIBRARY = "libc++";
				CLANG_ENABLE_MODULES = YES;
				CLANG_ENABLE_OBJC_ARC = YES;
				CLANG_ENABLE_OBJC_WEAK = YES;
				CLANG_WARN_BLOCK_CAPTURE_AUTORELEASING = YES;
				CLANG_WARN_BOOL_CONVERSION = YES;
				CLANG_WARN_COMMA = YES;
				CLANG_WARN_CONSTANT_CONVERSION = YES;
				CLANG_WARN_DEPRECATED_OBJC_IMPLEMENTATIONS = YES;
				CLANG_WARN_DIRECT_OBJC_ISA_USAGE = YES_ERROR;
				CLANG_WARN_DOCUMENTATION_COMMENTS = YES;
				CLANG_WARN_EMPTY_BODY = YES;
				CLANG_WARN_ENUM_CONVERSION = YES;
				CLANG_WARN_INFINITE_RECURSION = YES;
				CLANG_WARN_INT_CONVERSION = YES;
				CLANG_WARN_NON_LITERAL_NULL_CONVERSION = YES;
				CLANG_WARN_OBJC_IMPLICIT_RETAIN_SELF = YES;
				CLANG_WARN_OBJC_LITERAL_CONVERSION = YES;
				CLANG_WARN_OBJC_ROOT_CLASS = YES_ERROR;
				CLANG_WARN_RANGE_LOOP_ANALYSIS = YES;
				CLANG_WARN_STRICT_PROTOTYPES = YES;
				CLANG_WARN_SUSPICIOUS_MOVE = YES;
				CLANG_WARN_UNGUARDED_AVAILABILITY = YES_AGGRESSIVE;
				CLANG_WARN_UNREACHABLE_CODE = YES;
				CLANG_WARN__DUPLICATE_METHOD_MATCH = YES;
				COPY_PHASE_STRIP = NO;
				DEBUG_INFORMATION_FORMAT = "dwarf-with-dsym";
				ENABLE_NS_ASSERTIONS = NO;
				ENABLE_STRICT_OBJC_MSGSEND = YES;
				GCC_C_LANGUAGE_STANDARD = gnu11;
				GCC_NO_COMMON_BLOCKS = YES;
				GCC_WARN_64_TO_32_BIT_CONVERSION = YES;
				GCC_WARN_ABOUT_RETURN_TYPE = YES_ERROR;
				GCC_WARN_UNDECLARED_SELECTOR = YES;
				GCC_WARN_UNINITIALIZED_AUTOS = YES_AGGRESSIVE;
				GCC_WARN_UNUSED_FUNCTION = YES;
				GCC_WARN_UNUSED_VARIABLE = YES;
				IPHONEOS_DEPLOYMENT_TARGET = 13.2;
				MTL_ENABLE_DEBUG_INFO = NO;
				MTL_FAST_MATH = YES;
				SDKROOT = iphoneos;
				SWIFT_COMPILATION_MODE = wholemodule;
				SWIFT_OPTIMIZATION_LEVEL = "-O";
				VALIDATE_PRODUCT = YES;
			};
			name = Release;
		};
		59D512E3240571B200336272 /* Debug */ = {
			isa = XCBuildConfiguration;
			buildSettings = {
				ASSETCATALOG_COMPILER_APPICON_NAME = AppIcon;
				CODE_SIGN_STYLE = Automatic;
				DEVELOPMENT_ASSET_PATHS = "\"SizeClasses.Demo/Preview Content\"";
				ENABLE_PREVIEWS = YES;
				INFOPLIST_FILE = SizeClasses.Demo/Info.plist;
				LD_RUNPATH_SEARCH_PATHS = (
					"$(inherited)",
					"@executable_path/Frameworks",
				);
				PRODUCT_BUNDLE_IDENTIFIER = "IO.ArturoArriaga.SizeClasses-Demo";
				PRODUCT_NAME = "$(TARGET_NAME)";
				SWIFT_VERSION = 5.0;
				TARGETED_DEVICE_FAMILY = "1,2";
			};
			name = Debug;
		};
		59D512E4240571B200336272 /* Release */ = {
			isa = XCBuildConfiguration;
			buildSettings = {
				ASSETCATALOG_COMPILER_APPICON_NAME = AppIcon;
				CODE_SIGN_STYLE = Automatic;
				DEVELOPMENT_ASSET_PATHS = "\"SizeClasses.Demo/Preview Content\"";
				ENABLE_PREVIEWS = YES;
				INFOPLIST_FILE = SizeClasses.Demo/Info.plist;
				LD_RUNPATH_SEARCH_PATHS = (
					"$(inherited)",
					"@executable_path/Frameworks",
				);
				PRODUCT_BUNDLE_IDENTIFIER = "IO.ArturoArriaga.SizeClasses-Demo";
				PRODUCT_NAME = "$(TARGET_NAME)";
				SWIFT_VERSION = 5.0;
				TARGETED_DEVICE_FAMILY = "1,2";
			};
			name = Release;
		};
/* End XCBuildConfiguration section */

/* Begin XCConfigurationList section */
		59D512C9240571AC00336272 /* Build configuration list for PBXProject "SizeClasses.Demo" */ = {
			isa = XCConfigurationList;
			buildConfigurations = (
				59D512E0240571B200336272 /* Debug */,
				59D512E1240571B200336272 /* Release */,
			);
			defaultConfigurationIsVisible = 0;
			defaultConfigurationName = Release;
		};
		59D512E2240571B200336272 /* Build configuration list for PBXNativeTarget "SizeClasses.Demo" */ = {
			isa = XCConfigurationList;
			buildConfigurations = (
				59D512E3240571B200336272 /* Debug */,
				59D512E4240571B200336272 /* Release */,
			);
			defaultConfigurationIsVisible = 0;
			defaultConfigurationName = Release;
		};
/* End XCConfigurationList section */
	};
	rootObject = 59D512C6240571AC00336272 /* Project object */;
}
